
Microsoft Visual Studio Solution File, Format Version 12.00
# Visual Studio 2012
Project("{FAE04EC0-301F-11D3-BF4B-00C04F79EFBC}") = "HashTagGenerator", "HashTagGenerator\HashTagGenerator.csproj", "{34165622-FFF6-4B5A-AEE4-FA1D37832375}"
EndProject
Global
	GlobalSection(SolutionConfigurationPlatforms) = preSolution
		Debug|Any CPU = Debug|Any CPU
		Release|Any CPU = Release|Any CPU
	EndGlobalSection
	GlobalSection(ProjectConfigurationPlatforms) = postSolution
		{34165622-FFF6-4B5A-AEE4-FA1D37832375}.Debug|Any CPU.ActiveCfg = Debug|Any CPU
		{34165622-FFF6-4B5A-AEE4-FA1D37832375}.Debug|Any CPU.Build.0 = Debug|Any CPU
		{34165622-FFF6-4B5A-AEE4-FA1D37832375}.Release|Any CPU.ActiveCfg = Release|Any CPU
		{34165622-FFF6-4B5A-AEE4-FA1D37832375}.Release|Any CPU.Build.0 = Release|Any CPU
	EndGlobalSection
	GlobalSection(SolutionProperties) = preSolution
		HideSolutionNode = FALSE
	EndGlobalSection
EndGlobal
